<Solution>
  <Project Path="GameAnalyticsSDK.csproj" />
  <Project Path="Assembly-CSharp.csproj" />
  <Project Path="NakamaEditor.csproj" />
  <Project Path="RTLTMPro.csproj" />
  <Project Path="Assembly-CSharp-firstpass.csproj" />
  <Project Path="Assembly-CSharp-Editor.csproj" />
  <Project Path="GameAnalyticsSDK.Editor.csproj" />
  <Project Path="RTLTMPro-Editor.csproj" />
  <Project Path="NakamaRuntime.csproj" />
  <Project Path="RTLTMPro-Tests.csproj" />
</Solution>
